{
  "version": 4,
  "terraform_version": "1.2.0",
  "serial": 49,
  "lineage": "0a1ada1b-d785-3ce8-1e57-553fec2b9385",
  "outputs": {},
  "resources": [
    {
      "mode": "data",
      "type": "aws_eks_cluster",
      "name": "nemo_eks_cluster",
      "provider": "provider[\"registry.terraform.io/hashicorp/aws\"]",
      "instances": [
        {
          "schema_version": 0,
          "attributes": {
            "arn": "arn:aws:eks:ap-northeast-2:774026503161:cluster/nemo",
            "certificate_authority": [
              {
                "data": "LS0tLS1CRUdJTiBDRVJUSUZJQ0FURS0tLS0tCk1JSUM1ekNDQWMrZ0F3SUJBZ0lCQURBTkJna3Foa2lHOXcwQkFRc0ZBREFWTVJNd0VRWURWUVFERXdwcmRXSmwKY201bGRHVnpNQjRYRFRJeU1EWXdOakF5TkRreU5Wb1hEVE15TURZd016QXlORGt5TlZvd0ZURVRNQkVHQTFVRQpBeE1LYTNWaVpYSnVaWFJsY3pDQ0FTSXdEUVlKS29aSWh2Y05BUUVCQlFBRGdnRVBBRENDQVFvQ2dnRUJBTzFICjV4T1RsNTM0OUZWVUlJVlRURkZ1UEVxN2VYSUJZdlNYdEl3RWRFN1htMGx4U00rM2pVQTgvRUU4UHlMODdhTCsKTDZCSVZWdTY2VngydFM4UjVPR0cwVkJHRHduelV4TVZ6VUczZUh0ZFBrRXMxWjEzYmFjL1pnWnVSSUsyaHRkQQp1YUZvUTBPdTRZaW1TU2x3MnkyZDRoa01uZ1E2b1A3Sk81dTBXVVBVT2RzSmI4U1Q0WU5jbGFwbjNFdmdYMVdYCnBYMXRvTjd5R3c4dnE4b3pEMC9wdFRvOHZOZjFHQ0lUTlA2S0tHMmRwVUtQdlY4c0JwU0drRzZXYkxvaCtISzkKM0RDOWM1eXFVQXFUeW5qRU9lY3VZNCtLeXkvTnFjcSs1bW1FcHhsckZSMFhNbW80N0RxdHlyNDFYM1lXbDU2YwpkbW50UTNmYzBBdDhRMnljMXZrQ0F3RUFBYU5DTUVBd0RnWURWUjBQQVFIL0JBUURBZ0trTUE4R0ExVWRFd0VCCi93UUZNQU1CQWY4d0hRWURWUjBPQkJZRUZHaTd2S2xBNEt4dXhPbVYxV2Y1eUp1bWNvaEZNQTBHQ1NxR1NJYjMKRFFFQkN3VUFBNElCQVFBYWxUMnljWitMcmIrdDhEdEd4ZHFQVmRJTHFPUmNUalNBMU1YTmFnQzFkNjNldWMrcgpjVHF4YmRtUDRSK0s5bVFxNWdNaUI5cUVheWVSQ09sZ3RYVytkdUFFdXplaEN0ZWNXZUYvbUJscHcxaDZJSUlnCnZWN2NaOU03Nmd4bnlnSHNPYUUyQ01wTjRpQityV0Q2YmsrRVhTYU1KVWg0ODVXUHJmYUx5cytOK2UyMEJsYmgKTXJQQVJYV2xEeDMyeW5MSkxFR1BLeW9NRjJQaWNzeXcyMVkzc2hqazZLa2hLTmlLanhndmt1VkovR3Fia3B1YgpBOGc1UUlFK2pDOUh3bm9zK2Qxd2c1V3VMTnNQZkZPaGtVcWZ4b1JJQmNMZDdOMHZ6RmZyZ01jSy9WVkNNaktTCmJhWFBrM00xYzYvMys5MmtBSzlWTnRVN0JCMGwxY21ZM1Q4QgotLS0tLUVORCBDRVJUSUZJQ0FURS0tLS0tCg=="
              }
            ],
            "created_at": "2022-06-06 02:44:03.18 +0000 UTC",
            "enabled_cluster_log_types": [
              "api",
              "audit",
              "authenticator",
              "controllerManager",
              "scheduler"
            ],
            "endpoint": "https://FF61145EC52E6307C6C6A89225575086.gr7.ap-northeast-2.eks.amazonaws.com",
            "id": "nemo",
            "identity": [
              {
                "oidc": [
                  {
                    "issuer": "https://oidc.eks.ap-northeast-2.amazonaws.com/id/FF61145EC52E6307C6C6A89225575086"
                  }
                ]
              }
            ],
            "kubernetes_network_config": [
              {
                "ip_family": "ipv4",
                "service_ipv4_cidr": "172.20.0.0/16"
              }
            ],
            "name": "nemo",
            "platform_version": "eks.7",
            "role_arn": "arn:aws:iam::774026503161:role/nemo_eks_cluster",
            "status": "ACTIVE",
            "tags": {},
            "version": "1.21",
            "vpc_config": [
              {
                "cluster_security_group_id": "sg-01547091b4ec42aa2",
                "endpoint_private_access": true,
                "endpoint_public_access": true,
                "public_access_cidrs": [
                  "0.0.0.0/0"
                ],
                "security_group_ids": [
                  "sg-08e8b73738ab48f0c"
                ],
                "subnet_ids": [
                  "subnet-01c6c9cc4eff9b83e",
                  "subnet-08526d7787664c4a4",
                  "subnet-0886879694cc3e8b8",
                  "subnet-0fcd1435bf9bbea35"
                ],
                "vpc_id": "vpc-0d05de52ce343fadd"
              }
            ]
          },
          "sensitive_attributes": []
        }
      ]
    },
    {
      "mode": "data",
      "type": "aws_iam_openid_connect_provider",
      "name": "oidc",
      "provider": "provider[\"registry.terraform.io/hashicorp/aws\"]",
      "instances": [
        {
          "schema_version": 0,
          "attributes": {
            "arn": "arn:aws:iam::774026503161:oidc-provider/oidc.eks.ap-northeast-2.amazonaws.com/id/FF61145EC52E6307C6C6A89225575086",
            "client_id_list": [
              "sts.amazonaws.com"
            ],
            "id": "arn:aws:iam::774026503161:oidc-provider/oidc.eks.ap-northeast-2.amazonaws.com/id/FF61145EC52E6307C6C6A89225575086",
            "tags": {},
            "thumbprint_list": [
              "9e99a48a9960b14926bb7f3b02e22da2b0ab7280"
            ],
            "url": "oidc.eks.ap-northeast-2.amazonaws.com/id/FF61145EC52E6307C6C6A89225575086"
          },
          "sensitive_attributes": []
        }
      ]
    },
    {
      "mode": "data",
      "type": "aws_iam_policy_document",
      "name": "assume_role_policy",
      "provider": "provider[\"registry.terraform.io/hashicorp/aws\"]",
      "instances": [
        {
          "schema_version": 0,
          "attributes": {
            "id": "1118132468",
            "json": "{\n  \"Version\": \"2012-10-17\",\n  \"Statement\": [\n    {\n      \"Sid\": \"\",\n      \"Effect\": \"Allow\",\n      \"Action\": \"sts:AssumeRoleWithWebIdentity\",\n      \"Principal\": {\n        \"Federated\": \"arn:aws:iam::774026503161:oidc-provider/oidc.eks.ap-northeast-2.amazonaws.com/id/FF61145EC52E6307C6C6A89225575086\"\n      },\n      \"Condition\": {\n        \"StringEquals\": {\n          \"oidc.eks.ap-northeast-2.amazonaws.com/id/FF61145EC52E6307C6C6A89225575086:aud\": \"sts.amazonaws.com\",\n          \"oidc.eks.ap-northeast-2.amazonaws.com/id/FF61145EC52E6307C6C6A89225575086:sub\": \"system:serviceaccount:kube-system:cluster-autoscaler\"\n        }\n      }\n    }\n  ]\n}",
            "override_json": null,
            "override_policy_documents": null,
            "policy_id": null,
            "source_json": null,
            "source_policy_documents": null,
            "statement": [
              {
                "actions": [
                  "sts:AssumeRoleWithWebIdentity"
                ],
                "condition": [
                  {
                    "test": "StringEquals",
                    "values": [
                      "sts.amazonaws.com"
                    ],
                    "variable": "oidc.eks.ap-northeast-2.amazonaws.com/id/FF61145EC52E6307C6C6A89225575086:aud"
                  },
                  {
                    "test": "StringEquals",
                    "values": [
                      "system:serviceaccount:kube-system:cluster-autoscaler"
                    ],
                    "variable": "oidc.eks.ap-northeast-2.amazonaws.com/id/FF61145EC52E6307C6C6A89225575086:sub"
                  }
                ],
                "effect": "Allow",
                "not_actions": [],
                "not_principals": [],
                "not_resources": [],
                "principals": [
                  {
                    "identifiers": [
                      "arn:aws:iam::774026503161:oidc-provider/oidc.eks.ap-northeast-2.amazonaws.com/id/FF61145EC52E6307C6C6A89225575086"
                    ],
                    "type": "Federated"
                  }
                ],
                "resources": [],
                "sid": ""
              }
            ],
            "version": "2012-10-17"
          },
          "sensitive_attributes": []
        }
      ]
    },
    {
      "mode": "managed",
      "type": "aws_iam_policy",
      "name": "k8s_asg_policy",
      "provider": "provider[\"registry.terraform.io/hashicorp/aws\"]",
      "instances": [
        {
          "schema_version": 0,
          "attributes": {
            "arn": "arn:aws:iam::774026503161:policy/EKSASGPolicy",
            "description": "Policy allowing to set ASG",
            "id": "arn:aws:iam::774026503161:policy/EKSASGPolicy",
            "name": "EKSASGPolicy",
            "name_prefix": null,
            "path": "/",
            "policy": "{\"Statement\":[{\"Action\":[\"autoscaling:DescribeAutoScalingInstances\",\"autoscaling:SetDesiredCapacity\",\"autoscaling:DescribeAutoScalingGroups\",\"ec2:DescribeLaunchTemplateVersions\",\"autoscaling:DescribeTags\",\"autoscaling:DescribeLaunchConfigurations\",\"autoscaling:TerminateInstanceInAutoScalingGroup\"],\"Effect\":\"Allow\",\"Resource\":[\"*\"]}],\"Version\":\"2012-10-17\"}",
            "policy_id": "ANPA3IN4TEP4TCN23CMWH",
            "tags": {},
            "tags_all": {}
          },
          "sensitive_attributes": [],
          "private": "bnVsbA=="
        }
      ]
    },
    {
      "mode": "managed",
      "type": "aws_iam_role",
      "name": "k8s-asg-policy",
      "provider": "provider[\"registry.terraform.io/hashicorp/aws\"]",
      "instances": [
        {
          "schema_version": 0,
          "attributes": {
            "arn": "arn:aws:iam::774026503161:role/AmazonEKSClusterAutoscalerRole",
            "assume_role_policy": "{\"Version\":\"2012-10-17\",\"Statement\":[{\"Sid\":\"\",\"Effect\":\"Allow\",\"Principal\":{\"Federated\":\"arn:aws:iam::774026503161:oidc-provider/oidc.eks.ap-northeast-2.amazonaws.com/id/FF61145EC52E6307C6C6A89225575086\"},\"Action\":\"sts:AssumeRoleWithWebIdentity\",\"Condition\":{\"StringEquals\":{\"oidc.eks.ap-northeast-2.amazonaws.com/id/FF61145EC52E6307C6C6A89225575086:aud\":\"sts.amazonaws.com\",\"oidc.eks.ap-northeast-2.amazonaws.com/id/FF61145EC52E6307C6C6A89225575086:sub\":\"system:serviceaccount:kube-system:cluster-autoscaler\"}}}]}",
            "create_date": "2022-06-06T03:06:15Z",
            "description": "",
            "force_detach_policies": false,
            "id": "AmazonEKSClusterAutoscalerRole",
            "inline_policy": [
              {
                "name": "",
                "policy": ""
              }
            ],
            "managed_policy_arns": [
              "arn:aws:iam::774026503161:policy/EKSASGPolicy"
            ],
            "max_session_duration": 3600,
            "name": "AmazonEKSClusterAutoscalerRole",
            "name_prefix": "",
            "path": "/",
            "permissions_boundary": null,
            "tags": {},
            "tags_all": {},
            "unique_id": "AROA3IN4TEP47M76VWICI"
          },
          "sensitive_attributes": [],
          "private": "bnVsbA==",
          "dependencies": [
            "aws_iam_policy.k8s_asg_policy",
            "data.aws_eks_cluster.nemo_eks_cluster",
            "data.aws_iam_openid_connect_provider.oidc",
            "data.aws_iam_policy_document.assume_role_policy"
          ]
        }
      ]
    },
    {
      "mode": "managed",
      "type": "kubernetes_secret",
      "name": "cluster-autoscaler",
      "provider": "provider[\"registry.terraform.io/hashicorp/kubernetes\"]",
      "instances": [
        {
          "schema_version": 0,
          "attributes": {
            "binary_data": null,
            "data": {},
            "id": "kube-system/cluster-autoscaler",
            "immutable": false,
            "metadata": [
              {
                "annotations": {},
                "generate_name": "",
                "generation": 0,
                "labels": {},
                "name": "cluster-autoscaler",
                "namespace": "kube-system",
                "resource_version": "2838",
                "uid": "953dc648-98b4-4c2f-a320-fcbccfaeebc1"
              }
            ],
            "type": "Opaque"
          },
          "sensitive_attributes": [],
          "private": "bnVsbA=="
        }
      ]
    },
    {
      "mode": "managed",
      "type": "kubernetes_service_account",
      "name": "cluster-autoscaler",
      "provider": "provider[\"registry.terraform.io/hashicorp/kubernetes\"]",
      "instances": [
        {
          "schema_version": 0,
          "attributes": {
            "automount_service_account_token": true,
            "default_secret_name": "cluster-autoscaler-token-tsrc7",
            "id": "kube-system/cluster-autoscaler",
            "image_pull_secret": [],
            "metadata": [
              {
                "annotations": {
                  "eks.amazonaws.com/role-arn": "arn:aws:iam::774026503161:role/AmazonEKSClusterAutoscalerRole"
                },
                "generate_name": "",
                "generation": 0,
                "labels": {
                  "k8s-addon": "cluster-autoscaler.addons.k8s.io",
                  "k8s-app": "cluster-autoscaler"
                },
                "name": "cluster-autoscaler",
                "namespace": "kube-system",
                "resource_version": "2849",
                "uid": "2e026c63-bab3-4153-9033-3819befee4da"
              }
            ],
            "secret": [
              {
                "name": "cluster-autoscaler"
              }
            ],
            "timeouts": null
          },
          "sensitive_attributes": [],
          "private": "eyJlMmJmYjczMC1lY2FhLTExZTYtOGY4OC0zNDM2M2JjN2M0YzAiOnsiY3JlYXRlIjozMDAwMDAwMDAwMH19",
          "dependencies": [
            "aws_iam_policy.k8s_asg_policy",
            "aws_iam_role.k8s-asg-policy",
            "data.aws_eks_cluster.nemo_eks_cluster",
            "data.aws_iam_openid_connect_provider.oidc",
            "data.aws_iam_policy_document.assume_role_policy",
            "kubernetes_secret.cluster-autoscaler"
          ]
        }
      ]
    }
  ]
}
