{
  "version": 4,
  "terraform_version": "1.1.7",
  "serial": 6,
  "lineage": "9489cdb1-7e73-c5d8-3e50-d1a8c6088701",
  "outputs": {
    "policy-arn": {
      "value": "arn:aws:iam::349630926222:policy/EKSExternalDNSAccess",
      "type": "string"
    }
  },
  "resources": [
    {
      "mode": "data",
      "type": "aws_availability_zones",
      "name": "available",
      "provider": "provider[\"registry.terraform.io/hashicorp/aws\"]",
      "instances": [
        {
          "schema_version": 0,
          "attributes": {
            "all_availability_zones": null,
            "exclude_names": [
              "ap-northeast-2b",
              "ap-northeast-2d"
            ],
            "exclude_zone_ids": null,
            "filter": null,
            "group_names": [
              "ap-northeast-2"
            ],
            "id": "ap-northeast-2",
            "names": [
              "ap-northeast-2a",
              "ap-northeast-2c"
            ],
            "state": null,
            "zone_ids": [
              "apne2-az1",
              "apne2-az3"
            ]
          },
          "sensitive_attributes": []
        }
      ]
    },
    {
      "mode": "data",
      "type": "aws_eks_cluster",
      "name": "terraform-eks-cluster",
      "provider": "provider[\"registry.terraform.io/hashicorp/aws\"]",
      "instances": [
        {
          "schema_version": 0,
          "attributes": {
            "arn": "arn:aws:eks:ap-northeast-2:349630926222:cluster/terraform-eks",
            "certificate_authority": [
              {
                "data": "LS0tLS1CRUdJTiBDRVJUSUZJQ0FURS0tLS0tCk1JSUM1ekNDQWMrZ0F3SUJBZ0lCQURBTkJna3Foa2lHOXcwQkFRc0ZBREFWTVJNd0VRWURWUVFERXdwcmRXSmwKY201bGRHVnpNQjRYRFRJeU1ETXdPREV5TlRVME5sb1hEVE15TURNd05URXlOVFUwTmxvd0ZURVRNQkVHQTFVRQpBeE1LYTNWaVpYSnVaWFJsY3pDQ0FTSXdEUVlKS29aSWh2Y05BUUVCQlFBRGdnRVBBRENDQVFvQ2dnRUJBTGNICjdmZHV1UUhGQ0hJMTc5eUl3ZjNHNmt6b1FzbW9FenRqNW0rOGZCRzI1QXFGWW5TMU91bk96NkJxRWNvZ3Z4ZUoKV3pzZEFDNEJFR2RITEZGNUM2RmY2OEZKNTZBL3BIL2JHbms1Nk1Cbjc1cGRUcEVBSThTS2hndSswaGhMbEdkVwpFdzdVdHZYQlRQc1diVjZKejA3d2ZFNFRZcUZmbkZPYTcrZGVsUWEwYm43cE5ZaDJuQ09vbllaaGxUamdENGtZCldTbVd6YTZOSmtYSUU1OVA3Q0Q3SVF1QWNYMHdyREpJSDNpK05OZGJZMXVEVnFwRVBmSTJlUDRtQjFRVWd0NUIKc3MwV1RvK0dZVjc2dmYxYzRQZTZHMldOL0c0dGpOV0RUcWo1Mmt2c0dFdzh1VnZCNFo1TzV2andnSGZ5cGhieApLa2VrVFZMdVhqZnNxRlFDQTBVQ0F3RUFBYU5DTUVBd0RnWURWUjBQQVFIL0JBUURBZ0trTUE4R0ExVWRFd0VCCi93UUZNQU1CQWY4d0hRWURWUjBPQkJZRUZORFFXeXo1N2JzcWNhL3M4WkJhMkNVUlJmTzRNQTBHQ1NxR1NJYjMKRFFFQkN3VUFBNElCQVFCb2lJMFU2dGZNZ01Ia0R4Z3FSL3pRWlYxS3NCbjhyV2JWbUF6eDFmYmdncnp0V3RDeApCMHdjNks5VUpQdmt2RHcxK1loR3VsYkdRYnh5Y0xiS1VObmx1cHRtN2hrWXlsL2FMc09xSlZKQ3NOVWdCRXE0CndxcFg5dzBNWGVRM3o0c0ZUKzNMcWwrL2RiU0k1aTEzVmsrRHNMVzlLMlFsVzZVbDJIbWhUVGg5UzVpa0IzQmIKYTdxS3YyMElMbGFJRVVPVERJUGdSMU9Zckc0WWpzcVVDZGJ6L3Z1azgyTE1zS2VucmpYOXZtRUR4RjRLQUU0agpOWU9sdkp2aGNha2xpUkh5RXlRUnFyR0NEYitFeDZ1NmNNOUkrOTZxZUFmTisvbm1HSGxoRkU3SUtKaS9EcjNDCk01RDdUbjJrdE9tTDBRSkp4dmpzc2g5MDhxdVVFU3E5NW1xVwotLS0tLUVORCBDRVJUSUZJQ0FURS0tLS0tCg=="
              }
            ],
            "created_at": "2022-03-08 12:50:04.127 +0000 UTC",
            "enabled_cluster_log_types": [
              "api",
              "audit",
              "authenticator",
              "controllerManager",
              "scheduler"
            ],
            "endpoint": "https://719C64A991B38B6D7B31783356B291BE.sk1.ap-northeast-2.eks.amazonaws.com",
            "id": "terraform-eks",
            "identity": [
              {
                "oidc": [
                  {
                    "issuer": "https://oidc.eks.ap-northeast-2.amazonaws.com/id/719C64A991B38B6D7B31783356B291BE"
                  }
                ]
              }
            ],
            "kubernetes_network_config": [
              {
                "ip_family": "ipv4",
                "service_ipv4_cidr": "172.20.0.0/16"
              }
            ],
            "name": "terraform-eks",
            "platform_version": "eks.4",
            "role_arn": "arn:aws:iam::349630926222:role/terraform-eks-cluster",
            "status": "ACTIVE",
            "tags": {},
            "version": "1.20",
            "vpc_config": [
              {
                "cluster_security_group_id": "sg-0c762c534677f43c3",
                "endpoint_private_access": true,
                "endpoint_public_access": true,
                "public_access_cidrs": [
                  "0.0.0.0/0"
                ],
                "security_group_ids": [
                  "sg-0c5261969735ba985"
                ],
                "subnet_ids": [
                  "subnet-042691bbd0a3870a1",
                  "subnet-09ba36d120fa220d4",
                  "subnet-0d4184520ea362433",
                  "subnet-0da79a050a1b5131b"
                ],
                "vpc_id": "vpc-0b3f6355c94484dfd"
              }
            ]
          },
          "sensitive_attributes": []
        }
      ]
    },
    {
      "mode": "data",
      "type": "aws_iam_openid_connect_provider",
      "name": "oidc",
      "provider": "provider[\"registry.terraform.io/hashicorp/aws\"]",
      "instances": [
        {
          "schema_version": 0,
          "attributes": {
            "arn": "arn:aws:iam::349630926222:oidc-provider/oidc.eks.ap-northeast-2.amazonaws.com/id/719C64A991B38B6D7B31783356B291BE",
            "client_id_list": [
              "sts.amazonaws.com"
            ],
            "id": "arn:aws:iam::349630926222:oidc-provider/oidc.eks.ap-northeast-2.amazonaws.com/id/719C64A991B38B6D7B31783356B291BE",
            "tags": {},
            "thumbprint_list": [
              "9e99a48a9960b14926bb7f3b02e22da2b0ab7280"
            ],
            "url": "oidc.eks.ap-northeast-2.amazonaws.com/id/719C64A991B38B6D7B31783356B291BE"
          },
          "sensitive_attributes": []
        }
      ]
    },
    {
      "mode": "data",
      "type": "aws_iam_policy_document",
      "name": "assume_role_policy",
      "provider": "provider[\"registry.terraform.io/hashicorp/aws\"]",
      "instances": [
        {
          "schema_version": 0,
          "attributes": {
            "id": "125742095",
            "json": "{\n  \"Version\": \"2012-10-17\",\n  \"Statement\": [\n    {\n      \"Sid\": \"\",\n      \"Effect\": \"Allow\",\n      \"Action\": \"sts:AssumeRoleWithWebIdentity\",\n      \"Principal\": {\n        \"Federated\": \"arn:aws:iam::349630926222:oidc-provider/oidc.eks.ap-northeast-2.amazonaws.com/id/719C64A991B38B6D7B31783356B291BE\"\n      },\n      \"Condition\": {\n        \"StringEquals\": {\n          \"oidc.eks.ap-northeast-2.amazonaws.com/id/719C64A991B38B6D7B31783356B291BE:sub\": \"system:serviceaccount:kube-system:aws-node\"\n        }\n      }\n    }\n  ]\n}",
            "override_json": null,
            "override_policy_documents": null,
            "policy_id": null,
            "source_json": null,
            "source_policy_documents": null,
            "statement": [
              {
                "actions": [
                  "sts:AssumeRoleWithWebIdentity"
                ],
                "condition": [
                  {
                    "test": "StringEquals",
                    "values": [
                      "system:serviceaccount:kube-system:aws-node"
                    ],
                    "variable": "oidc.eks.ap-northeast-2.amazonaws.com/id/719C64A991B38B6D7B31783356B291BE:sub"
                  }
                ],
                "effect": "Allow",
                "not_actions": [],
                "not_principals": [],
                "not_resources": [],
                "principals": [
                  {
                    "identifiers": [
                      "arn:aws:iam::349630926222:oidc-provider/oidc.eks.ap-northeast-2.amazonaws.com/id/719C64A991B38B6D7B31783356B291BE"
                    ],
                    "type": "Federated"
                  }
                ],
                "resources": [],
                "sid": ""
              }
            ],
            "version": "2012-10-17"
          },
          "sensitive_attributes": []
        }
      ]
    },
    {
      "mode": "managed",
      "type": "aws_iam_policy",
      "name": "EKSExternalDNSAccess",
      "provider": "provider[\"registry.terraform.io/hashicorp/aws\"]",
      "instances": [
        {
          "schema_version": 0,
          "attributes": {
            "arn": "arn:aws:iam::349630926222:policy/EKSExternalDNSAccess",
            "description": "Policy to access Route53",
            "id": "arn:aws:iam::349630926222:policy/EKSExternalDNSAccess",
            "name": "EKSExternalDNSAccess",
            "name_prefix": null,
            "path": "/",
            "policy": "{\"Statement\":[{\"Action\":[\"route53:ChangeResourceRecordSets\"],\"Effect\":\"Allow\",\"Resource\":[\"arn:aws:route53:::hostedzone/*\"]},{\"Action\":[\"route53:ListHostedZones\",\"route53:ListResourceRecordSets\"],\"Effect\":\"Allow\",\"Resource\":[\"*\"]}],\"Version\":\"2012-10-17\"}",
            "policy_id": "ANPAVCZ5ARWHMTR7WPSCZ",
            "tags": {},
            "tags_all": {}
          },
          "sensitive_attributes": [],
          "private": "bnVsbA=="
        }
      ]
    },
    {
      "mode": "managed",
      "type": "aws_iam_role",
      "name": "EKSExternalDNSAccessRole",
      "provider": "provider[\"registry.terraform.io/hashicorp/aws\"]",
      "instances": [
        {
          "schema_version": 0,
          "attributes": {
            "arn": "arn:aws:iam::349630926222:role/EKSExternalDNSAccessRole",
            "assume_role_policy": "{\"Version\":\"2012-10-17\",\"Statement\":[{\"Sid\":\"\",\"Effect\":\"Allow\",\"Principal\":{\"Federated\":\"arn:aws:iam::349630926222:oidc-provider/oidc.eks.ap-northeast-2.amazonaws.com/id/719C64A991B38B6D7B31783356B291BE\"},\"Action\":\"sts:AssumeRoleWithWebIdentity\",\"Condition\":{\"StringEquals\":{\"oidc.eks.ap-northeast-2.amazonaws.com/id/719C64A991B38B6D7B31783356B291BE:sub\":\"system:serviceaccount:kube-system:aws-node\"}}}]}",
            "create_date": "2022-03-09T10:53:50Z",
            "description": "",
            "force_detach_policies": false,
            "id": "EKSExternalDNSAccessRole",
            "inline_policy": [
              {
                "name": "",
                "policy": ""
              }
            ],
            "managed_policy_arns": [
              "arn:aws:iam::349630926222:policy/EKSExternalDNSAccess"
            ],
            "max_session_duration": 3600,
            "name": "EKSExternalDNSAccessRole",
            "name_prefix": "",
            "path": "/",
            "permissions_boundary": null,
            "tags": null,
            "tags_all": {},
            "unique_id": "AROAVCZ5ARWHGHKFE6OQW"
          },
          "sensitive_attributes": [],
          "private": "bnVsbA==",
          "dependencies": [
            "aws_iam_policy.EKSExternalDNSAccess",
            "data.aws_iam_policy_document.assume_role_policy"
          ]
        }
      ]
    },
    {
      "mode": "managed",
      "type": "aws_route53_zone",
      "name": "eks-nemo",
      "provider": "provider[\"registry.terraform.io/hashicorp/aws\"]",
      "instances": [
        {
          "schema_version": 0,
          "attributes": {
            "arn": "arn:aws:route53:::hostedzone/Z0239686QRU2B8FF2MT6",
            "comment": "Managed by Terraform",
            "delegation_set_id": "",
            "force_destroy": false,
            "id": "Z0239686QRU2B8FF2MT6",
            "name": "eks-nemo.kaonmir.xyz",
            "name_servers": [
              "ns-1096.awsdns-09.org",
              "ns-1785.awsdns-31.co.uk",
              "ns-662.awsdns-18.net",
              "ns-74.awsdns-09.com"
            ],
            "tags": {},
            "tags_all": {},
            "vpc": [],
            "zone_id": "Z0239686QRU2B8FF2MT6"
          },
          "sensitive_attributes": [],
          "private": "bnVsbA=="
        }
      ]
    }
  ]
}
