{
  "version": 4,
  "terraform_version": "1.2.0",
  "serial": 47,
  "lineage": "65ac83da-80ee-fc49-190b-36ee20e33c52",
  "outputs": {},
  "resources": [
    {
      "mode": "data",
      "type": "aws_availability_zones",
      "name": "available",
      "provider": "provider[\"registry.terraform.io/hashicorp/aws\"]",
      "instances": [
        {
          "schema_version": 0,
          "attributes": {
            "all_availability_zones": null,
            "exclude_names": null,
            "exclude_zone_ids": null,
            "filter": null,
            "group_names": [
              "ap-northeast-2"
            ],
            "id": "ap-northeast-2",
            "names": [
              "ap-northeast-2a",
              "ap-northeast-2b",
              "ap-northeast-2c",
              "ap-northeast-2d"
            ],
            "state": null,
            "zone_ids": [
              "apne2-az1",
              "apne2-az2",
              "apne2-az3",
              "apne2-az4"
            ]
          },
          "sensitive_attributes": []
        }
      ]
    },
    {
      "mode": "data",
      "type": "tls_certificate",
      "name": "nemo_cert",
      "provider": "provider[\"registry.terraform.io/hashicorp/tls\"]",
      "instances": [
        {
          "schema_version": 0,
          "attributes": {
            "certificates": [
              {
                "is_ca": true,
                "issuer": "OU=Starfield Class 2 Certification Authority,O=Starfield Technologies\\, Inc.,C=US",
                "not_after": "2034-06-28T17:39:16Z",
                "not_before": "2009-09-02T00:00:00Z",
                "public_key_algorithm": "RSA",
                "serial_number": "12037640545166866303",
                "sha1_fingerprint": "9e99a48a9960b14926bb7f3b02e22da2b0ab7280",
                "signature_algorithm": "SHA256-RSA",
                "subject": "CN=Starfield Services Root Certificate Authority - G2,O=Starfield Technologies\\, Inc.,L=Scottsdale,ST=Arizona,C=US",
                "version": 3
              },
              {
                "is_ca": true,
                "issuer": "CN=Starfield Services Root Certificate Authority - G2,O=Starfield Technologies\\, Inc.,L=Scottsdale,ST=Arizona,C=US",
                "not_after": "2037-12-31T01:00:00Z",
                "not_before": "2015-05-25T12:00:00Z",
                "public_key_algorithm": "RSA",
                "serial_number": "144918191876577076464031512351042010504348870",
                "sha1_fingerprint": "06b25927c42a721631c1efd9431e648fa62e1e39",
                "signature_algorithm": "SHA256-RSA",
                "subject": "CN=Amazon Root CA 1,O=Amazon,C=US",
                "version": 3
              },
              {
                "is_ca": true,
                "issuer": "CN=Amazon Root CA 1,O=Amazon,C=US",
                "not_after": "2025-10-19T00:00:00Z",
                "not_before": "2015-10-22T00:00:00Z",
                "public_key_algorithm": "RSA",
                "serial_number": "144918209630989264145272943054026349679957517",
                "sha1_fingerprint": "917e732d330f9a12404f73d8bea36948b929dffc",
                "signature_algorithm": "SHA256-RSA",
                "subject": "CN=Amazon,OU=Server CA 1B,O=Amazon,C=US",
                "version": 3
              },
              {
                "is_ca": false,
                "issuer": "CN=Amazon,OU=Server CA 1B,O=Amazon,C=US",
                "not_after": "2023-06-11T23:59:59Z",
                "not_before": "2022-05-13T00:00:00Z",
                "public_key_algorithm": "RSA",
                "serial_number": "13913782891608271281972691959643609240",
                "sha1_fingerprint": "78671c125375bf74f21bba0aa08c5ecf1d437b1e",
                "signature_algorithm": "SHA256-RSA",
                "subject": "CN=oidc.eks.ap-northeast-2.amazonaws.com",
                "version": 3
              }
            ],
            "id": "2022-06-06 01:23:08.959927 +0000 UTC",
            "url": "https://oidc.eks.ap-northeast-2.amazonaws.com/id/BAC8445355BC87B208EBF6EB2BE0F596",
            "verify_chain": true
          },
          "sensitive_attributes": []
        }
      ]
    },
    {
      "mode": "managed",
      "type": "aws_eip",
      "name": "nemo_eks_eip",
      "provider": "provider[\"registry.terraform.io/hashicorp/aws\"]",
      "instances": [
        {
          "schema_version": 0,
          "attributes": {
            "address": null,
            "allocation_id": "eipalloc-01c2e44777260b8e4",
            "associate_with_private_ip": null,
            "association_id": "eipassoc-04841619f29a8b9dc",
            "carrier_ip": "",
            "customer_owned_ip": "",
            "customer_owned_ipv4_pool": "",
            "domain": "vpc",
            "id": "eipalloc-01c2e44777260b8e4",
            "instance": "",
            "network_border_group": "ap-northeast-2",
            "network_interface": "eni-06c2cb81694782356",
            "private_dns": "ip-10-110-1-126.ap-northeast-2.compute.internal",
            "private_ip": "10.110.1.126",
            "public_dns": "ec2-43-200-35-177.ap-northeast-2.compute.amazonaws.com",
            "public_ip": "43.200.35.177",
            "public_ipv4_pool": "amazon",
            "tags": {
              "Name": "nemo_eks_public_nat_gateway"
            },
            "tags_all": {
              "Name": "nemo_eks_public_nat_gateway"
            },
            "timeouts": null,
            "vpc": true
          },
          "sensitive_attributes": [],
          "private": "eyJlMmJmYjczMC1lY2FhLTExZTYtOGY4OC0zNDM2M2JjN2M0YzAiOnsiZGVsZXRlIjoxODAwMDAwMDAwMDAsInJlYWQiOjkwMDAwMDAwMDAwMCwidXBkYXRlIjozMDAwMDAwMDAwMDB9fQ=="
        }
      ]
    },
    {
      "mode": "managed",
      "type": "aws_eks_cluster",
      "name": "nemo_eks_cluster",
      "provider": "provider[\"registry.terraform.io/hashicorp/aws\"]",
      "instances": [
        {
          "schema_version": 0,
          "attributes": {
            "arn": "arn:aws:eks:ap-northeast-2:774026503161:cluster/nemo",
            "certificate_authority": [
              {
                "data": "LS0tLS1CRUdJTiBDRVJUSUZJQ0FURS0tLS0tCk1JSUM1ekNDQWMrZ0F3SUJBZ0lCQURBTkJna3Foa2lHOXcwQkFRc0ZBREFWTVJNd0VRWURWUVFERXdwcmRXSmwKY201bGRHVnpNQjRYRFRJeU1EWXdOREV3TURJMU1sb1hEVE15TURZd01URXdNREkxTWxvd0ZURVRNQkVHQTFVRQpBeE1LYTNWaVpYSnVaWFJsY3pDQ0FTSXdEUVlKS29aSWh2Y05BUUVCQlFBRGdnRVBBRENDQVFvQ2dnRUJBTU1sCmtrdC9CUW1kd0FnQmRGeTkwRnFqcXByV0wxZ2VYMWtjc3hlN05LK043aU5DZjNhSW80alRBK1NETVlxbFR5UUEKRm9IZTd1aHdydERldGgzbFE1czVJbW9yMWZpdFRleXltNTR4TkhPODVodGFjRmJoV2xBSUtCYm9JT0djcGhpYgo1Z2tiaWJWbGlnZU91QUJOWHVOVkw1KzhadWhKNFBKY1NCczQ3K1pDTEJlTjgwb2tmYTcxdzBUS1dWY0k3UW8xCmNvMFc4TURrY3V0cVNGSSthYUR2MG9zeUY5ckxhZS95Y2RRK1hkMXZsR0Q4Nm1reWVsSng1WGdWUTJmV0ZCWHgKV3FoeWJsTldoYUV5MGdZYnR4aUNQMFNOYWZwSWxWTlVkeW1uSVJjUWM2QitFRGtlRWR1RmpXTmZDT21kbjFrSQozclpLMDExSTU4cmNGL3B5VjEwQ0F3RUFBYU5DTUVBd0RnWURWUjBQQVFIL0JBUURBZ0trTUE4R0ExVWRFd0VCCi93UUZNQU1CQWY4d0hRWURWUjBPQkJZRUZLdkdDOTlXOXdqWFpSQ0k0cHBiV2NqM2dwN3JNQTBHQ1NxR1NJYjMKRFFFQkN3VUFBNElCQVFDa09sTXNKWHArMllDOUsycDM5N2RZMUpXaXN0Nk9XdlFJTmovSXRTdU9XLzVjWStTSwozam5nVFluVUpDVytTNkpxSUQxYURySkNYSm1qVGM5NUVJajdqS2dGdHRzckt1bmFBMVMwa2lRekxSNktLSWdyCjZCV010VkVGdTI5azZvMFNWa0UvTG5nbDA1VGQzQ2RVNHp2eDVMN2ZieWY0Uk5tWDNPRVIyeUJFKzJvcENhd2sKNmRYcnNuTzhFbVpzMVJFOWcwN2EyS3c3K1FyTmpybjUraUF0M1psTFF4a2k5SnNtaVJKMEE2d1FubDJ2THhHTgpiUTdJclBhWDNXKzFpb2pDVzVwUnVDbnVpb3lmZlBVT0FJY0NwVERWSE0zamtORG9kK3ZrcytrbXVJeHp2MzBICkZFVENuQ05DUVQ4UmdJTHIrL1llZkZLM2phY3BsL0xnUmZBMgotLS0tLUVORCBDRVJUSUZJQ0FURS0tLS0tCg=="
              }
            ],
            "created_at": "2022-06-04 09:57:33.269 +0000 UTC",
            "enabled_cluster_log_types": [
              "api",
              "audit",
              "authenticator",
              "controllerManager",
              "scheduler"
            ],
            "encryption_config": [],
            "endpoint": "https://BAC8445355BC87B208EBF6EB2BE0F596.gr7.ap-northeast-2.eks.amazonaws.com",
            "id": "nemo",
            "identity": [
              {
                "oidc": [
                  {
                    "issuer": "https://oidc.eks.ap-northeast-2.amazonaws.com/id/BAC8445355BC87B208EBF6EB2BE0F596"
                  }
                ]
              }
            ],
            "kubernetes_network_config": [
              {
                "ip_family": "ipv4",
                "service_ipv4_cidr": "172.20.0.0/16"
              }
            ],
            "name": "nemo",
            "platform_version": "eks.7",
            "role_arn": "arn:aws:iam::774026503161:role/nemo_eks_cluster",
            "status": "ACTIVE",
            "tags": {},
            "tags_all": {},
            "timeouts": null,
            "version": "1.21",
            "vpc_config": [
              {
                "cluster_security_group_id": "sg-0100b91a8ded20b7c",
                "endpoint_private_access": true,
                "endpoint_public_access": true,
                "public_access_cidrs": [
                  "0.0.0.0/0"
                ],
                "security_group_ids": [
                  "sg-0967ebf2c0b1cd70f"
                ],
                "subnet_ids": [
                  "subnet-01193b0a0e6c24f4d",
                  "subnet-0276c7a25f8de347d",
                  "subnet-0493063de3f77047b",
                  "subnet-0e00f767a3da129ef"
                ],
                "vpc_id": "vpc-072818b3c025d1bc9"
              }
            ]
          },
          "sensitive_attributes": [],
          "private": "eyJlMmJmYjczMC1lY2FhLTExZTYtOGY4OC0zNDM2M2JjN2M0YzAiOnsiY3JlYXRlIjoxODAwMDAwMDAwMDAwLCJkZWxldGUiOjkwMDAwMDAwMDAwMCwidXBkYXRlIjozNjAwMDAwMDAwMDAwfX0=",
          "dependencies": [
            "aws_iam_role.nemo_eks_cluster",
            "aws_iam_role_policy_attachment.nemo_eks_cluster_AmazonEKSClusterPolicy",
            "aws_iam_role_policy_attachment.nemo_eks_cluster_AmazonEKSVPCResourceController",
            "aws_security_group.nemo_eks_cluster",
            "aws_subnet.nemo_eks_private_subnet",
            "aws_subnet.nemo_eks_public_subnet",
            "aws_vpc.nemo_eks_vpc",
            "data.aws_availability_zones.available"
          ]
        }
      ]
    },
    {
      "mode": "managed",
      "type": "aws_eks_node_group",
      "name": "nodegroup_admin",
      "provider": "provider[\"registry.terraform.io/hashicorp/aws\"]",
      "instances": [
        {
          "schema_version": 0,
          "attributes": {
            "ami_type": "AL2_x86_64",
            "arn": "arn:aws:eks:ap-northeast-2:774026503161:nodegroup/nemo/nodegroup_admin/bac09717-e4f4-d0f6-2297-2faa16d7f282",
            "capacity_type": "ON_DEMAND",
            "cluster_name": "nemo",
            "disk_size": 10,
            "force_update_version": null,
            "id": "nemo:nodegroup_admin",
            "instance_types": [
              "t3.medium"
            ],
            "labels": {
              "role": "nodegroup_admin"
            },
            "launch_template": [],
            "node_group_name": "nodegroup_admin",
            "node_group_name_prefix": "",
            "node_role_arn": "arn:aws:iam::774026503161:role/nemo_eks_node",
            "release_version": "1.21.12-20220526",
            "remote_access": [],
            "resources": [
              {
                "autoscaling_groups": [
                  {
                    "name": "eks-nodegroup_admin-bac09717-e4f4-d0f6-2297-2faa16d7f282"
                  }
                ],
                "remote_access_security_group_id": ""
              }
            ],
            "scaling_config": [
              {
                "desired_size": 1,
                "max_size": 4,
                "min_size": 1
              }
            ],
            "status": "ACTIVE",
            "subnet_ids": [
              "subnet-01193b0a0e6c24f4d",
              "subnet-0276c7a25f8de347d"
            ],
            "tags": {
              "Name": "nemo_nemo_eks_node",
              "Role": "admin"
            },
            "tags_all": {
              "Name": "nemo_nemo_eks_node",
              "Role": "admin"
            },
            "taint": [
              {
                "effect": "NO_SCHEDULE",
                "key": "TAINED_BY_ADMIN",
                "value": ""
              }
            ],
            "timeouts": null,
            "update_config": [
              {
                "max_unavailable": 1,
                "max_unavailable_percentage": 0
              }
            ],
            "version": "1.21"
          },
          "sensitive_attributes": [],
          "private": "eyJlMmJmYjczMC1lY2FhLTExZTYtOGY4OC0zNDM2M2JjN2M0YzAiOnsiY3JlYXRlIjozNjAwMDAwMDAwMDAwLCJkZWxldGUiOjM2MDAwMDAwMDAwMDAsInVwZGF0ZSI6MzYwMDAwMDAwMDAwMH19",
          "dependencies": [
            "aws_eks_cluster.nemo_eks_cluster",
            "aws_iam_role.nemo_eks_cluster",
            "aws_iam_role.nemo_eks_node",
            "aws_iam_role_policy_attachment.nemo_eks_cluster_AmazonEKSClusterPolicy",
            "aws_iam_role_policy_attachment.nemo_eks_cluster_AmazonEKSVPCResourceController",
            "aws_iam_role_policy_attachment.nemo_eks_node_AmazonEC2ContainerRegistryReadOnly",
            "aws_iam_role_policy_attachment.nemo_eks_node_AmazonEKSWorkerNodePolicy",
            "aws_iam_role_policy_attachment.nemo_eks_node_AmazonEKS_CNI_Policy",
            "aws_security_group.nemo_eks_cluster",
            "aws_subnet.nemo_eks_private_subnet",
            "aws_subnet.nemo_eks_public_subnet",
            "aws_vpc.nemo_eks_vpc",
            "data.aws_availability_zones.available"
          ]
        }
      ]
    },
    {
      "mode": "managed",
      "type": "aws_eks_node_group",
      "name": "nodegroup_business",
      "provider": "provider[\"registry.terraform.io/hashicorp/aws\"]",
      "instances": [
        {
          "schema_version": 0,
          "attributes": {
            "ami_type": "AL2_x86_64",
            "arn": "arn:aws:eks:ap-northeast-2:774026503161:nodegroup/nemo/nodegroup_business/0ac09717-e4f2-88c0-b381-87bf307ccbea",
            "capacity_type": "ON_DEMAND",
            "cluster_name": "nemo",
            "disk_size": 15,
            "force_update_version": null,
            "id": "nemo:nodegroup_business",
            "instance_types": [
              "t3.medium"
            ],
            "labels": {
              "role": "nodegroup_business"
            },
            "launch_template": [],
            "node_group_name": "nodegroup_business",
            "node_group_name_prefix": "",
            "node_role_arn": "arn:aws:iam::774026503161:role/nemo_eks_node",
            "release_version": "1.21.12-20220526",
            "remote_access": [],
            "resources": [
              {
                "autoscaling_groups": [
                  {
                    "name": "eks-nodegroup_business-0ac09717-e4f2-88c0-b381-87bf307ccbea"
                  }
                ],
                "remote_access_security_group_id": ""
              }
            ],
            "scaling_config": [
              {
                "desired_size": 4,
                "max_size": 7,
                "min_size": 3
              }
            ],
            "status": "ACTIVE",
            "subnet_ids": [
              "subnet-01193b0a0e6c24f4d",
              "subnet-0276c7a25f8de347d"
            ],
            "tags": {
              "Name": "nemo_nemo_eks_node",
              "role": "business"
            },
            "tags_all": {
              "Name": "nemo_nemo_eks_node",
              "role": "business"
            },
            "taint": [],
            "timeouts": null,
            "update_config": [
              {
                "max_unavailable": 1,
                "max_unavailable_percentage": 0
              }
            ],
            "version": "1.21"
          },
          "sensitive_attributes": [],
          "private": "eyJlMmJmYjczMC1lY2FhLTExZTYtOGY4OC0zNDM2M2JjN2M0YzAiOnsiY3JlYXRlIjozNjAwMDAwMDAwMDAwLCJkZWxldGUiOjM2MDAwMDAwMDAwMDAsInVwZGF0ZSI6MzYwMDAwMDAwMDAwMH19",
          "dependencies": [
            "aws_eks_cluster.nemo_eks_cluster",
            "aws_iam_role.nemo_eks_node",
            "aws_iam_role_policy_attachment.nemo_eks_node_AmazonEC2ContainerRegistryReadOnly",
            "aws_iam_role_policy_attachment.nemo_eks_node_AmazonEKSWorkerNodePolicy",
            "aws_iam_role_policy_attachment.nemo_eks_node_AmazonEKS_CNI_Policy",
            "aws_subnet.nemo_eks_private_subnet"
          ]
        }
      ]
    },
    {
      "mode": "managed",
      "type": "aws_iam_openid_connect_provider",
      "name": "eks_oidc",
      "provider": "provider[\"registry.terraform.io/hashicorp/aws\"]",
      "instances": [
        {
          "schema_version": 0,
          "attributes": {
            "arn": "arn:aws:iam::774026503161:oidc-provider/oidc.eks.ap-northeast-2.amazonaws.com/id/BAC8445355BC87B208EBF6EB2BE0F596",
            "client_id_list": [
              "sts.amazonaws.com"
            ],
            "id": "arn:aws:iam::774026503161:oidc-provider/oidc.eks.ap-northeast-2.amazonaws.com/id/BAC8445355BC87B208EBF6EB2BE0F596",
            "tags": {},
            "tags_all": {},
            "thumbprint_list": [
              "9e99a48a9960b14926bb7f3b02e22da2b0ab7280"
            ],
            "url": "oidc.eks.ap-northeast-2.amazonaws.com/id/BAC8445355BC87B208EBF6EB2BE0F596"
          },
          "sensitive_attributes": [],
          "private": "bnVsbA==",
          "dependencies": [
            "aws_eks_cluster.nemo_eks_cluster",
            "aws_iam_role.nemo_eks_cluster",
            "aws_iam_role_policy_attachment.nemo_eks_cluster_AmazonEKSClusterPolicy",
            "aws_iam_role_policy_attachment.nemo_eks_cluster_AmazonEKSVPCResourceController",
            "aws_security_group.nemo_eks_cluster",
            "aws_subnet.nemo_eks_private_subnet",
            "aws_subnet.nemo_eks_public_subnet",
            "aws_vpc.nemo_eks_vpc",
            "data.aws_availability_zones.available",
            "data.tls_certificate.nemo_cert"
          ]
        }
      ]
    },
    {
      "mode": "managed",
      "type": "aws_iam_role",
      "name": "nemo_eks_cluster",
      "provider": "provider[\"registry.terraform.io/hashicorp/aws\"]",
      "instances": [
        {
          "schema_version": 0,
          "attributes": {
            "arn": "arn:aws:iam::774026503161:role/nemo_eks_cluster",
            "assume_role_policy": "{\"Version\":\"2012-10-17\",\"Statement\":[{\"Effect\":\"Allow\",\"Principal\":{\"Service\":\"eks.amazonaws.com\"},\"Action\":\"sts:AssumeRole\"}]}",
            "create_date": "2022-06-04T09:57:18Z",
            "description": "",
            "force_detach_policies": false,
            "id": "nemo_eks_cluster",
            "inline_policy": [
              {
                "name": "",
                "policy": ""
              }
            ],
            "managed_policy_arns": [
              "arn:aws:iam::aws:policy/AmazonEKSClusterPolicy",
              "arn:aws:iam::aws:policy/AmazonEKSVPCResourceController"
            ],
            "max_session_duration": 3600,
            "name": "nemo_eks_cluster",
            "name_prefix": "",
            "path": "/",
            "permissions_boundary": null,
            "tags": {},
            "tags_all": {},
            "unique_id": "AROA3IN4TEP45Q3BBKWCJ"
          },
          "sensitive_attributes": [],
          "private": "bnVsbA=="
        }
      ]
    },
    {
      "mode": "managed",
      "type": "aws_iam_role",
      "name": "nemo_eks_node",
      "provider": "provider[\"registry.terraform.io/hashicorp/aws\"]",
      "instances": [
        {
          "schema_version": 0,
          "attributes": {
            "arn": "arn:aws:iam::774026503161:role/nemo_eks_node",
            "assume_role_policy": "{\"Version\":\"2012-10-17\",\"Statement\":[{\"Effect\":\"Allow\",\"Principal\":{\"Service\":\"ec2.amazonaws.com\"},\"Action\":\"sts:AssumeRole\"}]}",
            "create_date": "2022-06-04T09:57:18Z",
            "description": "",
            "force_detach_policies": false,
            "id": "nemo_eks_node",
            "inline_policy": [
              {
                "name": "",
                "policy": ""
              }
            ],
            "managed_policy_arns": [
              "arn:aws:iam::aws:policy/AmazonEC2ContainerRegistryReadOnly",
              "arn:aws:iam::aws:policy/AmazonEKSWorkerNodePolicy",
              "arn:aws:iam::aws:policy/AmazonEKS_CNI_Policy"
            ],
            "max_session_duration": 3600,
            "name": "nemo_eks_node",
            "name_prefix": "",
            "path": "/",
            "permissions_boundary": null,
            "tags": {},
            "tags_all": {},
            "unique_id": "AROA3IN4TEP4Q62IWT7DB"
          },
          "sensitive_attributes": [],
          "private": "bnVsbA=="
        }
      ]
    },
    {
      "mode": "managed",
      "type": "aws_iam_role_policy_attachment",
      "name": "nemo_eks_cluster_AmazonEKSClusterPolicy",
      "provider": "provider[\"registry.terraform.io/hashicorp/aws\"]",
      "instances": [
        {
          "schema_version": 0,
          "attributes": {
            "id": "nemo_eks_cluster-20220604095720425700000001",
            "policy_arn": "arn:aws:iam::aws:policy/AmazonEKSClusterPolicy",
            "role": "nemo_eks_cluster"
          },
          "sensitive_attributes": [],
          "private": "bnVsbA==",
          "dependencies": [
            "aws_iam_role.nemo_eks_cluster"
          ]
        }
      ]
    },
    {
      "mode": "managed",
      "type": "aws_iam_role_policy_attachment",
      "name": "nemo_eks_cluster_AmazonEKSVPCResourceController",
      "provider": "provider[\"registry.terraform.io/hashicorp/aws\"]",
      "instances": [
        {
          "schema_version": 0,
          "attributes": {
            "id": "nemo_eks_cluster-20220604095720434100000002",
            "policy_arn": "arn:aws:iam::aws:policy/AmazonEKSVPCResourceController",
            "role": "nemo_eks_cluster"
          },
          "sensitive_attributes": [],
          "private": "bnVsbA==",
          "dependencies": [
            "aws_iam_role.nemo_eks_cluster"
          ]
        }
      ]
    },
    {
      "mode": "managed",
      "type": "aws_iam_role_policy_attachment",
      "name": "nemo_eks_node_AmazonEC2ContainerRegistryReadOnly",
      "provider": "provider[\"registry.terraform.io/hashicorp/aws\"]",
      "instances": [
        {
          "schema_version": 0,
          "attributes": {
            "id": "nemo_eks_node-20220604095720972700000005",
            "policy_arn": "arn:aws:iam::aws:policy/AmazonEC2ContainerRegistryReadOnly",
            "role": "nemo_eks_node"
          },
          "sensitive_attributes": [],
          "private": "bnVsbA==",
          "dependencies": [
            "aws_iam_role.nemo_eks_node"
          ]
        }
      ]
    },
    {
      "mode": "managed",
      "type": "aws_iam_role_policy_attachment",
      "name": "nemo_eks_node_AmazonEKSWorkerNodePolicy",
      "provider": "provider[\"registry.terraform.io/hashicorp/aws\"]",
      "instances": [
        {
          "schema_version": 0,
          "attributes": {
            "id": "nemo_eks_node-20220604095720701500000003",
            "policy_arn": "arn:aws:iam::aws:policy/AmazonEKSWorkerNodePolicy",
            "role": "nemo_eks_node"
          },
          "sensitive_attributes": [],
          "private": "bnVsbA==",
          "dependencies": [
            "aws_iam_role.nemo_eks_node"
          ]
        }
      ]
    },
    {
      "mode": "managed",
      "type": "aws_iam_role_policy_attachment",
      "name": "nemo_eks_node_AmazonEKS_CNI_Policy",
      "provider": "provider[\"registry.terraform.io/hashicorp/aws\"]",
      "instances": [
        {
          "schema_version": 0,
          "attributes": {
            "id": "nemo_eks_node-20220604095720714100000004",
            "policy_arn": "arn:aws:iam::aws:policy/AmazonEKS_CNI_Policy",
            "role": "nemo_eks_node"
          },
          "sensitive_attributes": [],
          "private": "bnVsbA==",
          "dependencies": [
            "aws_iam_role.nemo_eks_node"
          ]
        }
      ]
    },
    {
      "mode": "managed",
      "type": "aws_internet_gateway",
      "name": "nemo_eks_igw",
      "provider": "provider[\"registry.terraform.io/hashicorp/aws\"]",
      "instances": [
        {
          "schema_version": 0,
          "attributes": {
            "arn": "arn:aws:ec2:ap-northeast-2:774026503161:internet-gateway/igw-02fcb1964fbc80c30",
            "id": "igw-02fcb1964fbc80c30",
            "owner_id": "774026503161",
            "tags": {
              "Name": "nemo_eks_igw"
            },
            "tags_all": {
              "Name": "nemo_eks_igw"
            },
            "vpc_id": "vpc-072818b3c025d1bc9"
          },
          "sensitive_attributes": [],
          "private": "bnVsbA==",
          "dependencies": [
            "aws_vpc.nemo_eks_vpc"
          ]
        }
      ]
    },
    {
      "mode": "managed",
      "type": "aws_nat_gateway",
      "name": "nemo_eks_nat_gateway",
      "provider": "provider[\"registry.terraform.io/hashicorp/aws\"]",
      "instances": [
        {
          "schema_version": 0,
          "attributes": {
            "allocation_id": "eipalloc-01c2e44777260b8e4",
            "connectivity_type": "public",
            "id": "nat-0b1203914d27ad302",
            "network_interface_id": "eni-06c2cb81694782356",
            "private_ip": "10.110.1.126",
            "public_ip": "43.200.35.177",
            "subnet_id": "subnet-0493063de3f77047b",
            "tags": {
              "Name": "nemo_eks_nat_gateway"
            },
            "tags_all": {
              "Name": "nemo_eks_nat_gateway"
            }
          },
          "sensitive_attributes": [],
          "private": "bnVsbA==",
          "dependencies": [
            "aws_eip.nemo_eks_eip",
            "aws_subnet.nemo_eks_public_subnet",
            "aws_vpc.nemo_eks_vpc",
            "data.aws_availability_zones.available"
          ]
        }
      ]
    },
    {
      "mode": "managed",
      "type": "aws_route_table",
      "name": "nemo_eks_private_route",
      "provider": "provider[\"registry.terraform.io/hashicorp/aws\"]",
      "instances": [
        {
          "schema_version": 0,
          "attributes": {
            "arn": "arn:aws:ec2:ap-northeast-2:774026503161:route-table/rtb-00dccc2eba7451d17",
            "id": "rtb-00dccc2eba7451d17",
            "owner_id": "774026503161",
            "propagating_vgws": [],
            "route": [
              {
                "carrier_gateway_id": "",
                "cidr_block": "0.0.0.0/0",
                "destination_prefix_list_id": "",
                "egress_only_gateway_id": "",
                "gateway_id": "",
                "instance_id": "",
                "ipv6_cidr_block": "",
                "local_gateway_id": "",
                "nat_gateway_id": "nat-0b1203914d27ad302",
                "network_interface_id": "",
                "transit_gateway_id": "",
                "vpc_endpoint_id": "",
                "vpc_peering_connection_id": ""
              }
            ],
            "tags": {
              "Name": "nemo_eks_private"
            },
            "tags_all": {
              "Name": "nemo_eks_private"
            },
            "timeouts": null,
            "vpc_id": "vpc-072818b3c025d1bc9"
          },
          "sensitive_attributes": [],
          "private": "eyJlMmJmYjczMC1lY2FhLTExZTYtOGY4OC0zNDM2M2JjN2M0YzAiOnsiY3JlYXRlIjozMDAwMDAwMDAwMDAsImRlbGV0ZSI6MzAwMDAwMDAwMDAwLCJ1cGRhdGUiOjEyMDAwMDAwMDAwMH19",
          "dependencies": [
            "aws_eip.nemo_eks_eip",
            "aws_nat_gateway.nemo_eks_nat_gateway",
            "aws_subnet.nemo_eks_public_subnet",
            "aws_vpc.nemo_eks_vpc",
            "data.aws_availability_zones.available"
          ]
        }
      ]
    },
    {
      "mode": "managed",
      "type": "aws_route_table",
      "name": "nemo_eks_public_route",
      "provider": "provider[\"registry.terraform.io/hashicorp/aws\"]",
      "instances": [
        {
          "schema_version": 0,
          "attributes": {
            "arn": "arn:aws:ec2:ap-northeast-2:774026503161:route-table/rtb-041683c6615c3304c",
            "id": "rtb-041683c6615c3304c",
            "owner_id": "774026503161",
            "propagating_vgws": [],
            "route": [
              {
                "carrier_gateway_id": "",
                "cidr_block": "0.0.0.0/0",
                "destination_prefix_list_id": "",
                "egress_only_gateway_id": "",
                "gateway_id": "igw-02fcb1964fbc80c30",
                "instance_id": "",
                "ipv6_cidr_block": "",
                "local_gateway_id": "",
                "nat_gateway_id": "",
                "network_interface_id": "",
                "transit_gateway_id": "",
                "vpc_endpoint_id": "",
                "vpc_peering_connection_id": ""
              }
            ],
            "tags": {
              "Name": "nemo_eks_public"
            },
            "tags_all": {
              "Name": "nemo_eks_public"
            },
            "timeouts": null,
            "vpc_id": "vpc-072818b3c025d1bc9"
          },
          "sensitive_attributes": [],
          "private": "eyJlMmJmYjczMC1lY2FhLTExZTYtOGY4OC0zNDM2M2JjN2M0YzAiOnsiY3JlYXRlIjozMDAwMDAwMDAwMDAsImRlbGV0ZSI6MzAwMDAwMDAwMDAwLCJ1cGRhdGUiOjEyMDAwMDAwMDAwMH19",
          "dependencies": [
            "aws_internet_gateway.nemo_eks_igw",
            "aws_vpc.nemo_eks_vpc"
          ]
        }
      ]
    },
    {
      "mode": "managed",
      "type": "aws_route_table",
      "name": "nemo_eks_trust_route",
      "provider": "provider[\"registry.terraform.io/hashicorp/aws\"]",
      "instances": [
        {
          "schema_version": 0,
          "attributes": {
            "arn": "arn:aws:ec2:ap-northeast-2:774026503161:route-table/rtb-0a8ea51415b408f2a",
            "id": "rtb-0a8ea51415b408f2a",
            "owner_id": "774026503161",
            "propagating_vgws": [],
            "route": [],
            "tags": {
              "Name": "nemo_eks_trust"
            },
            "tags_all": {
              "Name": "nemo_eks_trust"
            },
            "timeouts": null,
            "vpc_id": "vpc-072818b3c025d1bc9"
          },
          "sensitive_attributes": [],
          "private": "eyJlMmJmYjczMC1lY2FhLTExZTYtOGY4OC0zNDM2M2JjN2M0YzAiOnsiY3JlYXRlIjozMDAwMDAwMDAwMDAsImRlbGV0ZSI6MzAwMDAwMDAwMDAwLCJ1cGRhdGUiOjEyMDAwMDAwMDAwMH19",
          "dependencies": [
            "aws_vpc.nemo_eks_vpc"
          ]
        }
      ]
    },
    {
      "mode": "managed",
      "type": "aws_route_table_association",
      "name": "nemo_eks_private_routing",
      "provider": "provider[\"registry.terraform.io/hashicorp/aws\"]",
      "instances": [
        {
          "index_key": 0,
          "schema_version": 0,
          "attributes": {
            "gateway_id": "",
            "id": "rtbassoc-0250cae145026bf27",
            "route_table_id": "rtb-00dccc2eba7451d17",
            "subnet_id": "subnet-01193b0a0e6c24f4d"
          },
          "sensitive_attributes": [],
          "private": "bnVsbA==",
          "dependencies": [
            "aws_eip.nemo_eks_eip",
            "aws_nat_gateway.nemo_eks_nat_gateway",
            "aws_route_table.nemo_eks_private_route",
            "aws_subnet.nemo_eks_private_subnet",
            "aws_subnet.nemo_eks_public_subnet",
            "aws_vpc.nemo_eks_vpc",
            "data.aws_availability_zones.available"
          ]
        },
        {
          "index_key": 1,
          "schema_version": 0,
          "attributes": {
            "gateway_id": "",
            "id": "rtbassoc-0ac42e3266b3460a3",
            "route_table_id": "rtb-00dccc2eba7451d17",
            "subnet_id": "subnet-0276c7a25f8de347d"
          },
          "sensitive_attributes": [],
          "private": "bnVsbA==",
          "dependencies": [
            "aws_eip.nemo_eks_eip",
            "aws_nat_gateway.nemo_eks_nat_gateway",
            "aws_route_table.nemo_eks_private_route",
            "aws_subnet.nemo_eks_private_subnet",
            "aws_subnet.nemo_eks_public_subnet",
            "aws_vpc.nemo_eks_vpc",
            "data.aws_availability_zones.available"
          ]
        }
      ]
    },
    {
      "mode": "managed",
      "type": "aws_route_table_association",
      "name": "nemo_eks_public_routing",
      "provider": "provider[\"registry.terraform.io/hashicorp/aws\"]",
      "instances": [
        {
          "index_key": 0,
          "schema_version": 0,
          "attributes": {
            "gateway_id": "",
            "id": "rtbassoc-00d0a426b0537ed3a",
            "route_table_id": "rtb-041683c6615c3304c",
            "subnet_id": "subnet-0493063de3f77047b"
          },
          "sensitive_attributes": [],
          "private": "bnVsbA==",
          "dependencies": [
            "aws_internet_gateway.nemo_eks_igw",
            "aws_route_table.nemo_eks_public_route",
            "aws_subnet.nemo_eks_public_subnet",
            "aws_vpc.nemo_eks_vpc",
            "data.aws_availability_zones.available"
          ]
        },
        {
          "index_key": 1,
          "schema_version": 0,
          "attributes": {
            "gateway_id": "",
            "id": "rtbassoc-005ca3ee541d4db1b",
            "route_table_id": "rtb-041683c6615c3304c",
            "subnet_id": "subnet-0e00f767a3da129ef"
          },
          "sensitive_attributes": [],
          "private": "bnVsbA==",
          "dependencies": [
            "aws_internet_gateway.nemo_eks_igw",
            "aws_route_table.nemo_eks_public_route",
            "aws_subnet.nemo_eks_public_subnet",
            "aws_vpc.nemo_eks_vpc",
            "data.aws_availability_zones.available"
          ]
        }
      ]
    },
    {
      "mode": "managed",
      "type": "aws_route_table_association",
      "name": "nemo_eks_trust_routing",
      "provider": "provider[\"registry.terraform.io/hashicorp/aws\"]",
      "instances": [
        {
          "index_key": 0,
          "schema_version": 0,
          "attributes": {
            "gateway_id": "",
            "id": "rtbassoc-022684494725ceaa1",
            "route_table_id": "rtb-0a8ea51415b408f2a",
            "subnet_id": "subnet-02836e96913fe6b46"
          },
          "sensitive_attributes": [],
          "private": "bnVsbA==",
          "dependencies": [
            "aws_route_table.nemo_eks_trust_route",
            "aws_subnet.nemo_eks_trust_subnet",
            "aws_vpc.nemo_eks_vpc",
            "data.aws_availability_zones.available"
          ]
        },
        {
          "index_key": 1,
          "schema_version": 0,
          "attributes": {
            "gateway_id": "",
            "id": "rtbassoc-0aeab8fa41dcaf6a1",
            "route_table_id": "rtb-0a8ea51415b408f2a",
            "subnet_id": "subnet-023fed63c10d1e34f"
          },
          "sensitive_attributes": [],
          "private": "bnVsbA==",
          "dependencies": [
            "aws_route_table.nemo_eks_trust_route",
            "aws_subnet.nemo_eks_trust_subnet",
            "aws_vpc.nemo_eks_vpc",
            "data.aws_availability_zones.available"
          ]
        }
      ]
    },
    {
      "mode": "managed",
      "type": "aws_security_group",
      "name": "nemo_eks_cluster",
      "provider": "provider[\"registry.terraform.io/hashicorp/aws\"]",
      "instances": [
        {
          "schema_version": 1,
          "attributes": {
            "arn": "arn:aws:ec2:ap-northeast-2:774026503161:security-group/sg-0967ebf2c0b1cd70f",
            "description": "Cluster communication with worker nodes",
            "egress": [
              {
                "cidr_blocks": [
                  "0.0.0.0/0"
                ],
                "description": "",
                "from_port": 0,
                "ipv6_cidr_blocks": [],
                "prefix_list_ids": [],
                "protocol": "-1",
                "security_groups": [],
                "self": false,
                "to_port": 0
              }
            ],
            "id": "sg-0967ebf2c0b1cd70f",
            "ingress": [
              {
                "cidr_blocks": [
                  "10.110.0.0/16"
                ],
                "description": "Allow workstation to communicate with the cluster API Server",
                "from_port": 443,
                "ipv6_cidr_blocks": [],
                "prefix_list_ids": [],
                "protocol": "tcp",
                "security_groups": [],
                "self": false,
                "to_port": 443
              }
            ],
            "name": "nemo_eks_cluster",
            "name_prefix": "",
            "owner_id": "774026503161",
            "revoke_rules_on_delete": false,
            "tags": {
              "Name": "nemo_eks_cluster"
            },
            "tags_all": {
              "Name": "nemo_eks_cluster"
            },
            "timeouts": null,
            "vpc_id": "vpc-072818b3c025d1bc9"
          },
          "sensitive_attributes": [],
          "private": "eyJlMmJmYjczMC1lY2FhLTExZTYtOGY4OC0zNDM2M2JjN2M0YzAiOnsiY3JlYXRlIjo2MDAwMDAwMDAwMDAsImRlbGV0ZSI6OTAwMDAwMDAwMDAwfSwic2NoZW1hX3ZlcnNpb24iOiIxIn0=",
          "dependencies": [
            "aws_vpc.nemo_eks_vpc"
          ]
        }
      ]
    },
    {
      "mode": "managed",
      "type": "aws_security_group_rule",
      "name": "nemo_eks_cluster_ingress_workstation_https",
      "provider": "provider[\"registry.terraform.io/hashicorp/aws\"]",
      "instances": [
        {
          "schema_version": 2,
          "attributes": {
            "cidr_blocks": [
              "10.110.0.0/16"
            ],
            "description": "Allow workstation to communicate with the cluster API Server",
            "from_port": 443,
            "id": "sgrule-41851410",
            "ipv6_cidr_blocks": [],
            "prefix_list_ids": [],
            "protocol": "tcp",
            "security_group_id": "sg-0967ebf2c0b1cd70f",
            "self": false,
            "source_security_group_id": null,
            "to_port": 443,
            "type": "ingress"
          },
          "sensitive_attributes": [],
          "private": "eyJzY2hlbWFfdmVyc2lvbiI6IjIifQ==",
          "dependencies": [
            "aws_security_group.nemo_eks_cluster",
            "aws_vpc.nemo_eks_vpc"
          ]
        }
      ]
    },
    {
      "mode": "managed",
      "type": "aws_subnet",
      "name": "nemo_eks_private_subnet",
      "provider": "provider[\"registry.terraform.io/hashicorp/aws\"]",
      "instances": [
        {
          "index_key": 0,
          "schema_version": 1,
          "attributes": {
            "arn": "arn:aws:ec2:ap-northeast-2:774026503161:subnet/subnet-01193b0a0e6c24f4d",
            "assign_ipv6_address_on_creation": false,
            "availability_zone": "ap-northeast-2a",
            "availability_zone_id": "apne2-az1",
            "cidr_block": "10.110.11.0/24",
            "customer_owned_ipv4_pool": "",
            "enable_dns64": false,
            "enable_resource_name_dns_a_record_on_launch": false,
            "enable_resource_name_dns_aaaa_record_on_launch": false,
            "id": "subnet-01193b0a0e6c24f4d",
            "ipv6_cidr_block": "",
            "ipv6_cidr_block_association_id": "",
            "ipv6_native": false,
            "map_customer_owned_ip_on_launch": false,
            "map_public_ip_on_launch": false,
            "outpost_arn": "",
            "owner_id": "774026503161",
            "private_dns_hostname_type_on_launch": "ip-name",
            "tags": {
              "Name": "nemo_eks_private_a",
              "kubernetes.io/cluster/nemo": "shared",
              "kubernetes.io/role/elb": "1"
            },
            "tags_all": {
              "Name": "nemo_eks_private_a",
              "kubernetes.io/cluster/nemo": "shared",
              "kubernetes.io/role/elb": "1"
            },
            "timeouts": null,
            "vpc_id": "vpc-072818b3c025d1bc9"
          },
          "sensitive_attributes": [],
          "private": "eyJlMmJmYjczMC1lY2FhLTExZTYtOGY4OC0zNDM2M2JjN2M0YzAiOnsiY3JlYXRlIjo2MDAwMDAwMDAwMDAsImRlbGV0ZSI6MTIwMDAwMDAwMDAwMH0sInNjaGVtYV92ZXJzaW9uIjoiMSJ9",
          "dependencies": [
            "aws_vpc.nemo_eks_vpc",
            "data.aws_availability_zones.available"
          ]
        },
        {
          "index_key": 1,
          "schema_version": 1,
          "attributes": {
            "arn": "arn:aws:ec2:ap-northeast-2:774026503161:subnet/subnet-0276c7a25f8de347d",
            "assign_ipv6_address_on_creation": false,
            "availability_zone": "ap-northeast-2b",
            "availability_zone_id": "apne2-az2",
            "cidr_block": "10.110.12.0/24",
            "customer_owned_ipv4_pool": "",
            "enable_dns64": false,
            "enable_resource_name_dns_a_record_on_launch": false,
            "enable_resource_name_dns_aaaa_record_on_launch": false,
            "id": "subnet-0276c7a25f8de347d",
            "ipv6_cidr_block": "",
            "ipv6_cidr_block_association_id": "",
            "ipv6_native": false,
            "map_customer_owned_ip_on_launch": false,
            "map_public_ip_on_launch": false,
            "outpost_arn": "",
            "owner_id": "774026503161",
            "private_dns_hostname_type_on_launch": "ip-name",
            "tags": {
              "Name": "nemo_eks_private_b",
              "kubernetes.io/cluster/nemo": "shared",
              "kubernetes.io/role/elb": "1"
            },
            "tags_all": {
              "Name": "nemo_eks_private_b",
              "kubernetes.io/cluster/nemo": "shared",
              "kubernetes.io/role/elb": "1"
            },
            "timeouts": null,
            "vpc_id": "vpc-072818b3c025d1bc9"
          },
          "sensitive_attributes": [],
          "private": "eyJlMmJmYjczMC1lY2FhLTExZTYtOGY4OC0zNDM2M2JjN2M0YzAiOnsiY3JlYXRlIjo2MDAwMDAwMDAwMDAsImRlbGV0ZSI6MTIwMDAwMDAwMDAwMH0sInNjaGVtYV92ZXJzaW9uIjoiMSJ9",
          "dependencies": [
            "aws_vpc.nemo_eks_vpc",
            "data.aws_availability_zones.available"
          ]
        }
      ]
    },
    {
      "mode": "managed",
      "type": "aws_subnet",
      "name": "nemo_eks_public_subnet",
      "provider": "provider[\"registry.terraform.io/hashicorp/aws\"]",
      "instances": [
        {
          "index_key": 0,
          "schema_version": 1,
          "attributes": {
            "arn": "arn:aws:ec2:ap-northeast-2:774026503161:subnet/subnet-0493063de3f77047b",
            "assign_ipv6_address_on_creation": false,
            "availability_zone": "ap-northeast-2a",
            "availability_zone_id": "apne2-az1",
            "cidr_block": "10.110.1.0/24",
            "customer_owned_ipv4_pool": "",
            "enable_dns64": false,
            "enable_resource_name_dns_a_record_on_launch": false,
            "enable_resource_name_dns_aaaa_record_on_launch": false,
            "id": "subnet-0493063de3f77047b",
            "ipv6_cidr_block": "",
            "ipv6_cidr_block_association_id": "",
            "ipv6_native": false,
            "map_customer_owned_ip_on_launch": false,
            "map_public_ip_on_launch": true,
            "outpost_arn": "",
            "owner_id": "774026503161",
            "private_dns_hostname_type_on_launch": "ip-name",
            "tags": {
              "Name": "nemo_eks_public_a",
              "kubernetes.io/cluster/nemo": "shared",
              "kubernetes.io/role/internal-elb": "1"
            },
            "tags_all": {
              "Name": "nemo_eks_public_a",
              "kubernetes.io/cluster/nemo": "shared",
              "kubernetes.io/role/internal-elb": "1"
            },
            "timeouts": null,
            "vpc_id": "vpc-072818b3c025d1bc9"
          },
          "sensitive_attributes": [],
          "private": "eyJlMmJmYjczMC1lY2FhLTExZTYtOGY4OC0zNDM2M2JjN2M0YzAiOnsiY3JlYXRlIjo2MDAwMDAwMDAwMDAsImRlbGV0ZSI6MTIwMDAwMDAwMDAwMH0sInNjaGVtYV92ZXJzaW9uIjoiMSJ9",
          "dependencies": [
            "aws_vpc.nemo_eks_vpc",
            "data.aws_availability_zones.available"
          ]
        },
        {
          "index_key": 1,
          "schema_version": 1,
          "attributes": {
            "arn": "arn:aws:ec2:ap-northeast-2:774026503161:subnet/subnet-0e00f767a3da129ef",
            "assign_ipv6_address_on_creation": false,
            "availability_zone": "ap-northeast-2b",
            "availability_zone_id": "apne2-az2",
            "cidr_block": "10.110.2.0/24",
            "customer_owned_ipv4_pool": "",
            "enable_dns64": false,
            "enable_resource_name_dns_a_record_on_launch": false,
            "enable_resource_name_dns_aaaa_record_on_launch": false,
            "id": "subnet-0e00f767a3da129ef",
            "ipv6_cidr_block": "",
            "ipv6_cidr_block_association_id": "",
            "ipv6_native": false,
            "map_customer_owned_ip_on_launch": false,
            "map_public_ip_on_launch": true,
            "outpost_arn": "",
            "owner_id": "774026503161",
            "private_dns_hostname_type_on_launch": "ip-name",
            "tags": {
              "Name": "nemo_eks_public_b",
              "kubernetes.io/cluster/nemo": "shared",
              "kubernetes.io/role/internal-elb": "1"
            },
            "tags_all": {
              "Name": "nemo_eks_public_b",
              "kubernetes.io/cluster/nemo": "shared",
              "kubernetes.io/role/internal-elb": "1"
            },
            "timeouts": null,
            "vpc_id": "vpc-072818b3c025d1bc9"
          },
          "sensitive_attributes": [],
          "private": "eyJlMmJmYjczMC1lY2FhLTExZTYtOGY4OC0zNDM2M2JjN2M0YzAiOnsiY3JlYXRlIjo2MDAwMDAwMDAwMDAsImRlbGV0ZSI6MTIwMDAwMDAwMDAwMH0sInNjaGVtYV92ZXJzaW9uIjoiMSJ9",
          "dependencies": [
            "aws_vpc.nemo_eks_vpc",
            "data.aws_availability_zones.available"
          ]
        }
      ]
    },
    {
      "mode": "managed",
      "type": "aws_subnet",
      "name": "nemo_eks_trust_subnet",
      "provider": "provider[\"registry.terraform.io/hashicorp/aws\"]",
      "instances": [
        {
          "index_key": 0,
          "schema_version": 1,
          "attributes": {
            "arn": "arn:aws:ec2:ap-northeast-2:774026503161:subnet/subnet-02836e96913fe6b46",
            "assign_ipv6_address_on_creation": false,
            "availability_zone": "ap-northeast-2a",
            "availability_zone_id": "apne2-az1",
            "cidr_block": "10.110.111.0/24",
            "customer_owned_ipv4_pool": "",
            "enable_dns64": false,
            "enable_resource_name_dns_a_record_on_launch": false,
            "enable_resource_name_dns_aaaa_record_on_launch": false,
            "id": "subnet-02836e96913fe6b46",
            "ipv6_cidr_block": "",
            "ipv6_cidr_block_association_id": "",
            "ipv6_native": false,
            "map_customer_owned_ip_on_launch": false,
            "map_public_ip_on_launch": false,
            "outpost_arn": "",
            "owner_id": "774026503161",
            "private_dns_hostname_type_on_launch": "ip-name",
            "tags": {
              "Name": "nemo_eks_trust_a",
              "kubernetes.io/cluster/nemo": "shared"
            },
            "tags_all": {
              "Name": "nemo_eks_trust_a",
              "kubernetes.io/cluster/nemo": "shared"
            },
            "timeouts": null,
            "vpc_id": "vpc-072818b3c025d1bc9"
          },
          "sensitive_attributes": [],
          "private": "eyJlMmJmYjczMC1lY2FhLTExZTYtOGY4OC0zNDM2M2JjN2M0YzAiOnsiY3JlYXRlIjo2MDAwMDAwMDAwMDAsImRlbGV0ZSI6MTIwMDAwMDAwMDAwMH0sInNjaGVtYV92ZXJzaW9uIjoiMSJ9",
          "dependencies": [
            "aws_vpc.nemo_eks_vpc",
            "data.aws_availability_zones.available"
          ]
        },
        {
          "index_key": 1,
          "schema_version": 1,
          "attributes": {
            "arn": "arn:aws:ec2:ap-northeast-2:774026503161:subnet/subnet-023fed63c10d1e34f",
            "assign_ipv6_address_on_creation": false,
            "availability_zone": "ap-northeast-2b",
            "availability_zone_id": "apne2-az2",
            "cidr_block": "10.110.112.0/24",
            "customer_owned_ipv4_pool": "",
            "enable_dns64": false,
            "enable_resource_name_dns_a_record_on_launch": false,
            "enable_resource_name_dns_aaaa_record_on_launch": false,
            "id": "subnet-023fed63c10d1e34f",
            "ipv6_cidr_block": "",
            "ipv6_cidr_block_association_id": "",
            "ipv6_native": false,
            "map_customer_owned_ip_on_launch": false,
            "map_public_ip_on_launch": false,
            "outpost_arn": "",
            "owner_id": "774026503161",
            "private_dns_hostname_type_on_launch": "ip-name",
            "tags": {
              "Name": "nemo_eks_trust_b",
              "kubernetes.io/cluster/nemo": "shared"
            },
            "tags_all": {
              "Name": "nemo_eks_trust_b",
              "kubernetes.io/cluster/nemo": "shared"
            },
            "timeouts": null,
            "vpc_id": "vpc-072818b3c025d1bc9"
          },
          "sensitive_attributes": [],
          "private": "eyJlMmJmYjczMC1lY2FhLTExZTYtOGY4OC0zNDM2M2JjN2M0YzAiOnsiY3JlYXRlIjo2MDAwMDAwMDAwMDAsImRlbGV0ZSI6MTIwMDAwMDAwMDAwMH0sInNjaGVtYV92ZXJzaW9uIjoiMSJ9",
          "dependencies": [
            "aws_vpc.nemo_eks_vpc",
            "data.aws_availability_zones.available"
          ]
        }
      ]
    },
    {
      "mode": "managed",
      "type": "aws_vpc",
      "name": "nemo_eks_vpc",
      "provider": "provider[\"registry.terraform.io/hashicorp/aws\"]",
      "instances": [
        {
          "schema_version": 1,
          "attributes": {
            "arn": "arn:aws:ec2:ap-northeast-2:774026503161:vpc/vpc-072818b3c025d1bc9",
            "assign_generated_ipv6_cidr_block": false,
            "cidr_block": "10.110.0.0/16",
            "default_network_acl_id": "acl-02972be2247ff44b3",
            "default_route_table_id": "rtb-0b64fc57c3d604ac7",
            "default_security_group_id": "sg-0a3dff1e982c41e42",
            "dhcp_options_id": "dopt-0844f5733b8508dfb",
            "enable_classiclink": false,
            "enable_classiclink_dns_support": false,
            "enable_dns_hostnames": false,
            "enable_dns_support": true,
            "id": "vpc-072818b3c025d1bc9",
            "instance_tenancy": "default",
            "ipv4_ipam_pool_id": null,
            "ipv4_netmask_length": null,
            "ipv6_association_id": "",
            "ipv6_cidr_block": "",
            "ipv6_cidr_block_network_border_group": "",
            "ipv6_ipam_pool_id": "",
            "ipv6_netmask_length": 0,
            "main_route_table_id": "rtb-0b64fc57c3d604ac7",
            "owner_id": "774026503161",
            "tags": {
              "Name": "nemo_eks_node",
              "kubernetes.io/cluster/nemo": "shared"
            },
            "tags_all": {
              "Name": "nemo_eks_node",
              "kubernetes.io/cluster/nemo": "shared"
            }
          },
          "sensitive_attributes": [],
          "private": "eyJzY2hlbWFfdmVyc2lvbiI6IjEifQ=="
        }
      ]
    },
    {
      "mode": "managed",
      "type": "local_file",
      "name": "kube_config",
      "provider": "provider[\"registry.terraform.io/hashicorp/local\"]",
      "instances": [
        {
          "schema_version": 0,
          "attributes": {
            "content": "apiVersion: \"v1\"\nclusters:\n- cluster:\n    certificate-authority-data: \"LS0tLS1CRUdJTiBDRVJUSUZJQ0FURS0tLS0tCk1JSUM1ekNDQWMrZ0F3SUJBZ0lCQURBTkJna3Foa2lHOXcwQkFRc0ZBREFWTVJNd0VRWURWUVFERXdwcmRXSmwKY201bGRHVnpNQjRYRFRJeU1EWXdOREV3TURJMU1sb1hEVE15TURZd01URXdNREkxTWxvd0ZURVRNQkVHQTFVRQpBeE1LYTNWaVpYSnVaWFJsY3pDQ0FTSXdEUVlKS29aSWh2Y05BUUVCQlFBRGdnRVBBRENDQVFvQ2dnRUJBTU1sCmtrdC9CUW1kd0FnQmRGeTkwRnFqcXByV0wxZ2VYMWtjc3hlN05LK043aU5DZjNhSW80alRBK1NETVlxbFR5UUEKRm9IZTd1aHdydERldGgzbFE1czVJbW9yMWZpdFRleXltNTR4TkhPODVodGFjRmJoV2xBSUtCYm9JT0djcGhpYgo1Z2tiaWJWbGlnZU91QUJOWHVOVkw1KzhadWhKNFBKY1NCczQ3K1pDTEJlTjgwb2tmYTcxdzBUS1dWY0k3UW8xCmNvMFc4TURrY3V0cVNGSSthYUR2MG9zeUY5ckxhZS95Y2RRK1hkMXZsR0Q4Nm1reWVsSng1WGdWUTJmV0ZCWHgKV3FoeWJsTldoYUV5MGdZYnR4aUNQMFNOYWZwSWxWTlVkeW1uSVJjUWM2QitFRGtlRWR1RmpXTmZDT21kbjFrSQozclpLMDExSTU4cmNGL3B5VjEwQ0F3RUFBYU5DTUVBd0RnWURWUjBQQVFIL0JBUURBZ0trTUE4R0ExVWRFd0VCCi93UUZNQU1CQWY4d0hRWURWUjBPQkJZRUZLdkdDOTlXOXdqWFpSQ0k0cHBiV2NqM2dwN3JNQTBHQ1NxR1NJYjMKRFFFQkN3VUFBNElCQVFDa09sTXNKWHArMllDOUsycDM5N2RZMUpXaXN0Nk9XdlFJTmovSXRTdU9XLzVjWStTSwozam5nVFluVUpDVytTNkpxSUQxYURySkNYSm1qVGM5NUVJajdqS2dGdHRzckt1bmFBMVMwa2lRekxSNktLSWdyCjZCV010VkVGdTI5azZvMFNWa0UvTG5nbDA1VGQzQ2RVNHp2eDVMN2ZieWY0Uk5tWDNPRVIyeUJFKzJvcENhd2sKNmRYcnNuTzhFbVpzMVJFOWcwN2EyS3c3K1FyTmpybjUraUF0M1psTFF4a2k5SnNtaVJKMEE2d1FubDJ2THhHTgpiUTdJclBhWDNXKzFpb2pDVzVwUnVDbnVpb3lmZlBVT0FJY0NwVERWSE0zamtORG9kK3ZrcytrbXVJeHp2MzBICkZFVENuQ05DUVQ4UmdJTHIrL1llZkZLM2phY3BsL0xnUmZBMgotLS0tLUVORCBDRVJUSUZJQ0FURS0tLS0tCg==\"\n    server: \"https://BAC8445355BC87B208EBF6EB2BE0F596.gr7.ap-northeast-2.eks.amazonaws.com\"\n  name: \"kubernetes\"\ncontexts:\n- context:\n    cluster: \"kubernetes\"\n    namespace: \"default\"\n    user: \"aws\"\n  name: \"aws\"\ncurrent-context: \"aws\"\nkind: \"Config\"\npreferences: {}\nusers:\n- name: \"aws\"\n  user:\n    exec:\n      apiVersion: \"client.authentication.k8s.io/v1alpha1\"\n      args:\n      - \"eks\"\n      - \"get-token\"\n      - \"--cluster-name\"\n      - \"nemo\"\n      command: \"aws\"\n      env: null\n      interactiveMode: \"IfAvailable\"\n      provideClusterInfo: false\n",
            "content_base64": null,
            "directory_permission": "0777",
            "file_permission": "0700",
            "filename": "/Users/sonseonghun/.kube/config",
            "id": "66edbe6414bc350f9132997aba1fa405fe7cc249",
            "sensitive_content": null,
            "source": null
          },
          "sensitive_attributes": [],
          "private": "bnVsbA==",
          "dependencies": [
            "aws_eks_cluster.nemo_eks_cluster",
            "aws_iam_role.nemo_eks_cluster",
            "aws_iam_role_policy_attachment.nemo_eks_cluster_AmazonEKSClusterPolicy",
            "aws_iam_role_policy_attachment.nemo_eks_cluster_AmazonEKSVPCResourceController",
            "aws_security_group.nemo_eks_cluster",
            "aws_subnet.nemo_eks_private_subnet",
            "aws_subnet.nemo_eks_public_subnet",
            "aws_vpc.nemo_eks_vpc",
            "data.aws_availability_zones.available"
          ]
        }
      ]
    }
  ]
}
