{
  "version": 4,
  "terraform_version": "1.1.7",
  "serial": 4,
  "lineage": "9489cdb1-7e73-c5d8-3e50-d1a8c6088701",
  "outputs": {
    "policy-arn": {
      "value": "arn:aws:iam::349630926222:policy/EKSExternalDNSAccess",
      "type": "string"
    }
  },
  "resources": [
    {
      "mode": "data",
      "type": "aws_availability_zones",
      "name": "available",
      "provider": "provider[\"registry.terraform.io/hashicorp/aws\"]",
      "instances": [
        {
          "schema_version": 0,
          "attributes": {
            "all_availability_zones": null,
            "exclude_names": [
              "ap-northeast-2b",
              "ap-northeast-2d"
            ],
            "exclude_zone_ids": null,
            "filter": null,
            "group_names": [
              "ap-northeast-2"
            ],
            "id": "ap-northeast-2",
            "names": [
              "ap-northeast-2a",
              "ap-northeast-2c"
            ],
            "state": null,
            "zone_ids": [
              "apne2-az1",
              "apne2-az3"
            ]
          },
          "sensitive_attributes": []
        }
      ]
    },
    {
      "mode": "managed",
      "type": "aws_iam_policy",
      "name": "EKSExternalDNSAccess",
      "provider": "provider[\"registry.terraform.io/hashicorp/aws\"]",
      "instances": [
        {
          "schema_version": 0,
          "attributes": {
            "arn": "arn:aws:iam::349630926222:policy/EKSExternalDNSAccess",
            "description": "Policy to access Route53",
            "id": "arn:aws:iam::349630926222:policy/EKSExternalDNSAccess",
            "name": "EKSExternalDNSAccess",
            "name_prefix": null,
            "path": "/",
            "policy": "{\"Statement\":[{\"Action\":[\"route53:ChangeResourceRecordSets\"],\"Effect\":\"Allow\",\"Resource\":[\"arn:aws:route53:::hostedzone/*\"]},{\"Action\":[\"route53:ListHostedZones\",\"route53:ListResourceRecordSets\"],\"Effect\":\"Allow\",\"Resource\":[\"*\"]}],\"Version\":\"2012-10-17\"}",
            "policy_id": "ANPAVCZ5ARWHMTR7WPSCZ",
            "tags": {},
            "tags_all": {}
          },
          "sensitive_attributes": [],
          "private": "bnVsbA=="
        }
      ]
    },
    {
      "mode": "managed",
      "type": "aws_route53_zone",
      "name": "eks-nemo",
      "provider": "provider[\"registry.terraform.io/hashicorp/aws\"]",
      "instances": [
        {
          "schema_version": 0,
          "attributes": {
            "arn": "arn:aws:route53:::hostedzone/Z0239686QRU2B8FF2MT6",
            "comment": "Managed by Terraform",
            "delegation_set_id": "",
            "force_destroy": false,
            "id": "Z0239686QRU2B8FF2MT6",
            "name": "eks-nemo.kaonmir.xyz",
            "name_servers": [
              "ns-1096.awsdns-09.org",
              "ns-1785.awsdns-31.co.uk",
              "ns-662.awsdns-18.net",
              "ns-74.awsdns-09.com"
            ],
            "tags": {},
            "tags_all": {},
            "vpc": [],
            "zone_id": "Z0239686QRU2B8FF2MT6"
          },
          "sensitive_attributes": [],
          "private": "bnVsbA=="
        }
      ]
    }
  ]
}
